// !$*UTF8*$!
{
	archiveVersion = 1;
	classes = {
	};
	objectVersion = 46;
	objects = {

/* Begin PBXBuildFile section */
		0C0338061FC2960F0081B0BF /* BasicAlgorithm.cpp in Sources */ = {isa = PBXBuildFile; fileRef = 0C0338041FC2960F0081B0BF /* BasicAlgorithm.cpp */; };
		0C7E6EDD1FBAA50500648225 /* ExampleB.cpp in Sources */ = {isa = PBXBuildFile; fileRef = 0C7E6EDB1FBAA50500648225 /* ExampleB.cpp */; };
		0C9189781FB6E90300689CDF /* VectorElementPractice.cpp in Sources */ = {isa = PBXBuildFile; fileRef = 0C9189711FB6E90300689CDF /* VectorElementPractice.cpp */; };
		0C9189791FB6E90300689CDF /* ArgumentPractice.cpp in Sources */ = {isa = PBXBuildFile; fileRef = 0C9189721FB6E90300689CDF /* ArgumentPractice.cpp */; };
		0C91897A1FB6E90300689CDF /* main.cpp in Sources */ = {isa = PBXBuildFile; fileRef = 0C9189731FB6E90300689CDF /* main.cpp */; };
		0C91897B1FB6E90300689CDF /* Sample.cpp in Sources */ = {isa = PBXBuildFile; fileRef = 0C9189771FB6E90300689CDF /* Sample.cpp */; };
		0CBDAF9F1FB95BB900784265 /* ExampleA.cpp in Sources */ = {isa = PBXBuildFile; fileRef = 0CBDAF9D1FB95BB900784265 /* ExampleA.cpp */; };
/* End PBXBuildFile section */

/* Begin PBXCopyFilesBuildPhase section */
		0C91895C1FB6C50900689CDF /* CopyFiles */ = {
			isa = PBXCopyFilesBuildPhase;
			buildActionMask = 2147483647;
			dstPath = /usr/share/man/man1/;
			dstSubfolderSpec = 0;
			files = (
			);
			runOnlyForDeploymentPostprocessing = 1;
		};
/* End PBXCopyFilesBuildPhase section */

/* Begin PBXFileReference section */
		0C0338041FC2960F0081B0BF /* BasicAlgorithm.cpp */ = {isa = PBXFileReference; fileEncoding = 4; lastKnownFileType = sourcecode.cpp.cpp; path = BasicAlgorithm.cpp; sourceTree = SOURCE_ROOT; };
		0C0338051FC2960F0081B0BF /* BasicAlgorithm.hpp */ = {isa = PBXFileReference; fileEncoding = 4; lastKnownFileType = sourcecode.cpp.h; path = BasicAlgorithm.hpp; sourceTree = SOURCE_ROOT; };
		0C7E6EDB1FBAA50500648225 /* ExampleB.cpp */ = {isa = PBXFileReference; fileEncoding = 4; lastKnownFileType = sourcecode.cpp.cpp; name = ExampleB.cpp; path = Practice/ExampleB.cpp; sourceTree = SOURCE_ROOT; };
		0C7E6EDC1FBAA50500648225 /* ExampleB.hpp */ = {isa = PBXFileReference; fileEncoding = 4; lastKnownFileType = sourcecode.cpp.h; name = ExampleB.hpp; path = Practice/ExampleB.hpp; sourceTree = SOURCE_ROOT; };
		0C91895E1FB6C50900689CDF /* Practice */ = {isa = PBXFileReference; explicitFileType = "compiled.mach-o.executable"; includeInIndex = 0; path = Practice; sourceTree = BUILT_PRODUCTS_DIR; };
		0C9189711FB6E90300689CDF /* VectorElementPractice.cpp */ = {isa = PBXFileReference; fileEncoding = 4; lastKnownFileType = sourcecode.cpp.cpp; name = VectorElementPractice.cpp; path = Practice/VectorElementPractice.cpp; sourceTree = SOURCE_ROOT; };
		0C9189721FB6E90300689CDF /* ArgumentPractice.cpp */ = {isa = PBXFileReference; fileEncoding = 4; lastKnownFileType = sourcecode.cpp.cpp; name = ArgumentPractice.cpp; path = Practice/ArgumentPractice.cpp; sourceTree = SOURCE_ROOT; };
		0C9189731FB6E90300689CDF /* main.cpp */ = {isa = PBXFileReference; fileEncoding = 4; lastKnownFileType = sourcecode.cpp.cpp; name = main.cpp; path = Practice/main.cpp; sourceTree = SOURCE_ROOT; };
		0C9189741FB6E90300689CDF /* VectorElementPractice.hpp */ = {isa = PBXFileReference; fileEncoding = 4; lastKnownFileType = sourcecode.cpp.h; name = VectorElementPractice.hpp; path = Practice/VectorElementPractice.hpp; sourceTree = SOURCE_ROOT; };
		0C9189751FB6E90300689CDF /* ArgumentPractice.hpp */ = {isa = PBXFileReference; fileEncoding = 4; lastKnownFileType = sourcecode.cpp.h; name = ArgumentPractice.hpp; path = Practice/ArgumentPractice.hpp; sourceTree = SOURCE_ROOT; };
		0C9189761FB6E90300689CDF /* Sample.hpp */ = {isa = PBXFileReference; fileEncoding = 4; lastKnownFileType = sourcecode.cpp.h; name = Sample.hpp; path = Practice/Sample.hpp; sourceTree = SOURCE_ROOT; };
		0C9189771FB6E90300689CDF /* Sample.cpp */ = {isa = PBXFileReference; fileEncoding = 4; lastKnownFileType = sourcecode.cpp.cpp; name = Sample.cpp; path = Practice/Sample.cpp; sourceTree = SOURCE_ROOT; };
		0CBDAF9D1FB95BB900784265 /* ExampleA.cpp */ = {isa = PBXFileReference; fileEncoding = 4; lastKnownFileType = sourcecode.cpp.cpp; name = ExampleA.cpp; path = Practice/ExampleA.cpp; sourceTree = SOURCE_ROOT; };
		0CBDAF9E1FB95BB900784265 /* ExampleA.hpp */ = {isa = PBXFileReference; fileEncoding = 4; lastKnownFileType = sourcecode.cpp.h; name = ExampleA.hpp; path = Practice/ExampleA.hpp; sourceTree = SOURCE_ROOT; };
/* End PBXFileReference section */

/* Begin PBXFrameworksBuildPhase section */
		0C91895B1FB6C50900689CDF /* Frameworks */ = {
			isa = PBXFrameworksBuildPhase;
			buildActionMask = 2147483647;
			files = (
			);
			runOnlyForDeploymentPostprocessing = 0;
		};
/* End PBXFrameworksBuildPhase section */

/* Begin PBXGroup section */
		0C003BA01FBC06D9007E3D08 /* Decorator */ = {
			isa = PBXGroup;
			children = (
			);
			name = Decorator;
			sourceTree = "<group>";
		};
		0C9189551FB6C50800689CDF = {
			isa = PBXGroup;
			children = (
				0C9189601FB6C50900689CDF /* Practice */,
				0C91895F1FB6C50900689CDF /* Products */,
			);
			sourceTree = "<group>";
		};
		0C91895F1FB6C50900689CDF /* Products */ = {
			isa = PBXGroup;
			children = (
				0C91895E1FB6C50900689CDF /* Practice */,
			);
			name = Products;
			sourceTree = "<group>";
		};
		0C9189601FB6C50900689CDF /* Practice */ = {
			isa = PBXGroup;
			children = (
				0C003BA01FBC06D9007E3D08 /* Decorator */,
				0C9189711FB6E90300689CDF /* VectorElementPractice.cpp */,
				0C9189721FB6E90300689CDF /* ArgumentPractice.cpp */,
				0C9189731FB6E90300689CDF /* main.cpp */,
				0C9189741FB6E90300689CDF /* VectorElementPractice.hpp */,
				0C9189751FB6E90300689CDF /* ArgumentPractice.hpp */,
				0C9189761FB6E90300689CDF /* Sample.hpp */,
				0C9189771FB6E90300689CDF /* Sample.cpp */,
				0CBDAF9D1FB95BB900784265 /* ExampleA.cpp */,
				0CBDAF9E1FB95BB900784265 /* ExampleA.hpp */,
				0C7E6EDB1FBAA50500648225 /* ExampleB.cpp */,
				0C7E6EDC1FBAA50500648225 /* ExampleB.hpp */,
				0C0338041FC2960F0081B0BF /* BasicAlgorithm.cpp */,
				0C0338051FC2960F0081B0BF /* BasicAlgorithm.hpp */,
			);
			name = Practice;
			path = Patterns;
			sourceTree = "<group>";
		};
/* End PBXGroup section */

/* Begin PBXNativeTarget section */
		0C91895D1FB6C50900689CDF /* Practice */ = {
			isa = PBXNativeTarget;
			buildConfigurationList = 0C9189651FB6C50900689CDF /* Build configuration list for PBXNativeTarget "Practice" */;
			buildPhases = (
				0C91895A1FB6C50900689CDF /* Sources */,
				0C91895B1FB6C50900689CDF /* Frameworks */,
				0C91895C1FB6C50900689CDF /* CopyFiles */,
			);
			buildRules = (
			);
			dependencies = (
			);
			name = Practice;
			productName = Patterns;
			productReference = 0C91895E1FB6C50900689CDF /* Practice */;
			productType = "com.apple.product-type.tool";
		};
/* End PBXNativeTarget section */

/* Begin PBXProject section */
		0C9189561FB6C50800689CDF /* Project object */ = {
			isa = PBXProject;
			attributes = {
				LastUpgradeCheck = 0820;
				ORGANIZATIONNAME = Mamunul;
				TargetAttributes = {
					0C91895D1FB6C50900689CDF = {
						CreatedOnToolsVersion = 8.2;
						ProvisioningStyle = Automatic;
					};
				};
			};
			buildConfigurationList = 0C9189591FB6C50800689CDF /* Build configuration list for PBXProject "Practice" */;
			compatibilityVersion = "Xcode 3.2";
			developmentRegion = English;
			hasScannedForEncodings = 0;
			knownRegions = (
				en,
			);
			mainGroup = 0C9189551FB6C50800689CDF;
			productRefGroup = 0C91895F1FB6C50900689CDF /* Products */;
			projectDirPath = "";
			projectRoot = "";
			targets = (
				0C91895D1FB6C50900689CDF /* Practice */,
			);
		};
/* End PBXProject section */

/* Begin PBXSourcesBuildPhase section */
		0C91895A1FB6C50900689CDF /* Sources */ = {
			isa = PBXSourcesBuildPhase;
			buildActionMask = 2147483647;
			files = (
				0CBDAF9F1FB95BB900784265 /* ExampleA.cpp in Sources */,
				0C7E6EDD1FBAA50500648225 /* ExampleB.cpp in Sources */,
				0C9189781FB6E90300689CDF /* VectorElementPractice.cpp in Sources */,
				0C91897B1FB6E90300689CDF /* Sample.cpp in Sources */,
				0C9189791FB6E90300689CDF /* ArgumentPractice.cpp in Sources */,
				0C91897A1FB6E90300689CDF /* main.cpp in Sources */,
				0C0338061FC2960F0081B0BF /* BasicAlgorithm.cpp in Sources */,
			);
			runOnlyForDeploymentPostprocessing = 0;
		};
/* End PBXSourcesBuildPhase section */

/* Begin XCBuildConfiguration section */
		0C9189631FB6C50900689CDF /* Debug */ = {
			isa = XCBuildConfiguration;
			buildSettings = {
				ALWAYS_SEARCH_USER_PATHS = NO;
				CLANG_ANALYZER_NONNULL = YES;
				CLANG_CXX_LANGUAGE_STANDARD = "gnu++0x";
				CLANG_CXX_LIBRARY = "libc++";
				CLANG_ENABLE_MODULES = YES;
				CLANG_ENABLE_OBJC_ARC = YES;
				CLANG_WARN_BOOL_CONVERSION = YES;
				CLANG_WARN_CONSTANT_CONVERSION = YES;
				CLANG_WARN_DIRECT_OBJC_ISA_USAGE = YES_ERROR;
				CLANG_WARN_DOCUMENTATION_COMMENTS = YES;
				CLANG_WARN_EMPTY_BODY = YES;
				CLANG_WARN_ENUM_CONVERSION = YES;
				CLANG_WARN_INFINITE_RECURSION = YES;
				CLANG_WARN_INT_CONVERSION = YES;
				CLANG_WARN_OBJC_ROOT_CLASS = YES_ERROR;
				CLANG_WARN_SUSPICIOUS_MOVE = YES;
				CLANG_WARN_UNREACHABLE_CODE = YES;
				CLANG_WARN__DUPLICATE_METHOD_MATCH = YES;
				CODE_SIGN_IDENTITY = "-";
				COPY_PHASE_STRIP = NO;
				DEBUG_INFORMATION_FORMAT = dwarf;
				ENABLE_STRICT_OBJC_MSGSEND = YES;
				ENABLE_TESTABILITY = YES;
				GCC_C_LANGUAGE_STANDARD = gnu99;
				GCC_DYNAMIC_NO_PIC = NO;
				GCC_NO_COMMON_BLOCKS = YES;
				GCC_OPTIMIZATION_LEVEL = 0;
				GCC_PREPROCESSOR_DEFINITIONS = (
					"DEBUG=1",
					"$(inherited)",
				);
				GCC_WARN_64_TO_32_BIT_CONVERSION = YES;
				GCC_WARN_ABOUT_RETURN_TYPE = YES_ERROR;
				GCC_WARN_UNDECLARED_SELECTOR = YES;
				GCC_WARN_UNINITIALIZED_AUTOS = YES_AGGRESSIVE;
				GCC_WARN_UNUSED_FUNCTION = YES;
				GCC_WARN_UNUSED_VARIABLE = YES;
				MACOSX_DEPLOYMENT_TARGET = 10.12;
				MTL_ENABLE_DEBUG_INFO = YES;
				ONLY_ACTIVE_ARCH = YES;
				SDKROOT = macosx;
			};
			name = Debug;
		};
		0C9189641FB6C50900689CDF /* Release */ = {
			isa = XCBuildConfiguration;
			buildSettings = {
				ALWAYS_SEARCH_USER_PATHS = NO;
				CLANG_ANALYZER_NONNULL = YES;
				CLANG_CXX_LANGUAGE_STANDARD = "gnu++0x";
				CLANG_CXX_LIBRARY = "libc++";
				CLANG_ENABLE_MODULES = YES;
				CLANG_ENABLE_OBJC_ARC = YES;
				CLANG_WARN_BOOL_CONVERSION = YES;
				CLANG_WARN_CONSTANT_CONVERSION = YES;
				CLANG_WARN_DIRECT_OBJC_ISA_USAGE = YES_ERROR;
				CLANG_WARN_DOCUMENTATION_COMMENTS = YES;
				CLANG_WARN_EMPTY_BODY = YES;
				CLANG_WARN_ENUM_CONVERSION = YES;
				CLANG_WARN_INFINITE_RECURSION = YES;
				CLANG_WARN_INT_CONVERSION = YES;
				CLANG_WARN_OBJC_ROOT_CLASS = YES_ERROR;
				CLANG_WARN_SUSPICIOUS_MOVE = YES;
				CLANG_WARN_UNREACHABLE_CODE = YES;
				CLANG_WARN__DUPLICATE_METHOD_MATCH = YES;
				CODE_SIGN_IDENTITY = "-";
				COPY_PHASE_STRIP = NO;
				DEBUG_INFORMATION_FORMAT = "dwarf-with-dsym";
				ENABLE_NS_ASSERTIONS = NO;
				ENABLE_STRICT_OBJC_MSGSEND = YES;
				GCC_C_LANGUAGE_STANDARD = gnu99;
				GCC_NO_COMMON_BLOCKS = YES;
				GCC_WARN_64_TO_32_BIT_CONVERSION = YES;
				GCC_WARN_ABOUT_RETURN_TYPE = YES_ERROR;
				GCC_WARN_UNDECLARED_SELECTOR = YES;
				GCC_WARN_UNINITIALIZED_AUTOS = YES_AGGRESSIVE;
				GCC_WARN_UNUSED_FUNCTION = YES;
				GCC_WARN_UNUSED_VARIABLE = YES;
				MACOSX_DEPLOYMENT_TARGET = 10.12;
				MTL_ENABLE_DEBUG_INFO = NO;
				SDKROOT = macosx;
			};
			name = Release;
		};
		0C9189661FB6C50900689CDF /* Debug */ = {
			isa = XCBuildConfiguration;
			buildSettings = {
				PRODUCT_NAME = "$(TARGET_NAME)";
			};
			name = Debug;
		};
		0C9189671FB6C50900689CDF /* Release */ = {
			isa = XCBuildConfiguration;
			buildSettings = {
				PRODUCT_NAME = "$(TARGET_NAME)";
			};
			name = Release;
		};
/* End XCBuildConfiguration section */

/* Begin XCConfigurationList section */
		0C9189591FB6C50800689CDF /* Build configuration list for PBXProject "Practice" */ = {
			isa = XCConfigurationList;
			buildConfigurations = (
				0C9189631FB6C50900689CDF /* Debug */,
				0C9189641FB6C50900689CDF /* Release */,
			);
			defaultConfigurationIsVisible = 0;
			defaultConfigurationName = Release;
		};
		0C9189651FB6C50900689CDF /* Build configuration list for PBXNativeTarget "Practice" */ = {
			isa = XCConfigurationList;
			buildConfigurations = (
				0C9189661FB6C50900689CDF /* Debug */,
				0C9189671FB6C50900689CDF /* Release */,
			);
			defaultConfigurationIsVisible = 0;
			defaultConfigurationName = Release;
		};
/* End XCConfigurationList section */
	};
	rootObject = 0C9189561FB6C50800689CDF /* Project object */;
}
